{
  "name": "ttrpg-character-manager",
  "version": "1.0.0",
  "lockfileVersion": 2,
  "requires": true,
  "packages": {
    "": {
      "name": "ttrpg-character-manager",
      "version": "1.0.0",
      "license": "ISC",
      "dependencies": {
        "vue-splash": "^1.2.1"
      },
      "devDependencies": {
        "rollup": "^2.60.2"
      }
    },
    "node_modules/fsevents": {
      "version": "2.3.2",
      "resolved": "https://cunamutual.pkgs.visualstudio.com/_packaging/H2IC/npm/registry/fsevents/-/fsevents-2.3.2.tgz",
      "integrity": "sha1-ilJveLj99GI7cJ4Ll1xSwkwC/Ro=",
      "dev": true,
      "license": "MIT",
      "optional": true,
      "os": [
        "darwin"
      ],
      "engines": {
        "node": "^8.16.0 || ^10.6.0 || >=11.0.0"
      }
    },
    "node_modules/rollup": {
      "version": "2.60.2",
      "resolved": "https://cunamutual.pkgs.visualstudio.com/_packaging/H2IC/npm/registry/rollup/-/rollup-2.60.2.tgz",
      "integrity": "sha1-P0Ws42qbELQpcYGDHqBxmSJRNGM=",
      "dev": true,
      "license": "MIT",
      "bin": {
        "rollup": "dist/bin/rollup"
      },
      "engines": {
        "node": ">=10.0.0"
      },
      "optionalDependencies": {
        "fsevents": "~2.3.2"
      }
    },
    "node_modules/vue": {
      "version": "2.6.14",
      "resolved": "https://cunamutual.pkgs.visualstudio.com/_packaging/H2IC/npm/registry/vue/-/vue-2.6.14.tgz",
      "integrity": "sha1-5RqlJQJQ1Wmj+606ilpofWA24jU=",
      "license": "MIT"
    },
    "node_modules/vue-splash": {
      "version": "1.2.1",
      "resolved": "https://cunamutual.pkgs.visualstudio.com/_packaging/H2IC/npm/registry/vue-splash/-/vue-splash-1.2.1.tgz",
      "integrity": "sha1-2fSFfDkZVjlUXJOoNVHCsyP0vpk=",
      "license": "MIT",
      "dependencies": {
        "vue": "^2.6.11"
      }
    }
  },
  "dependencies": {
    "fsevents": {
      "version": "2.3.2",
      "resolved": "https://cunamutual.pkgs.visualstudio.com/_packaging/H2IC/npm/registry/fsevents/-/fsevents-2.3.2.tgz",
      "integrity": "sha1-ilJveLj99GI7cJ4Ll1xSwkwC/Ro=",
      "dev": true,
      "optional": true
    },
    "rollup": {
      "version": "2.60.2",
      "resolved": "https://cunamutual.pkgs.visualstudio.com/_packaging/H2IC/npm/registry/rollup/-/rollup-2.60.2.tgz",
      "integrity": "sha1-P0Ws42qbELQpcYGDHqBxmSJRNGM=",
      "dev": true,
      "requires": {
        "fsevents": "~2.3.2"
      }
    },
    "vue": {
      "version": "2.6.14",
      "resolved": "https://cunamutual.pkgs.visualstudio.com/_packaging/H2IC/npm/registry/vue/-/vue-2.6.14.tgz",
      "integrity": "sha1-5RqlJQJQ1Wmj+606ilpofWA24jU="
    },
    "vue-splash": {
      "version": "1.2.1",
      "resolved": "https://cunamutual.pkgs.visualstudio.com/_packaging/H2IC/npm/registry/vue-splash/-/vue-splash-1.2.1.tgz",
      "integrity": "sha1-2fSFfDkZVjlUXJOoNVHCsyP0vpk=",
      "requires": {
        "vue": "^2.6.11"
      }
    }
  }
}
